// !$*UTF8*$!
{
	archiveVersion = 1;
	classes = {
	};
	objectVersion = 56;
	objects = {

/* Begin PBXBuildFile section */
		9AFFEEAA2C540FB100B2A865 /* Github_ProjectApp.swift in Sources */ = {isa = PBXBuildFile; fileRef = 9AFFEEA92C540FB100B2A865 /* Github_ProjectApp.swift */; };
		9AFFEEAC2C540FB100B2A865 /* ContentView.swift in Sources */ = {isa = PBXBuildFile; fileRef = 9AFFEEAB2C540FB100B2A865 /* ContentView.swift */; };
		9AFFEEAE2C540FB300B2A865 /* Assets.xcassets in Resources */ = {isa = PBXBuildFile; fileRef = 9AFFEEAD2C540FB300B2A865 /* Assets.xcassets */; };
		9AFFEEB12C540FB300B2A865 /* Preview Assets.xcassets in Resources */ = {isa = PBXBuildFile; fileRef = 9AFFEEB02C540FB300B2A865 /* Preview Assets.xcassets */; };
		9AFFEEBB2C540FB300B2A865 /* Github_ProjectTests.swift in Sources */ = {isa = PBXBuildFile; fileRef = 9AFFEEBA2C540FB300B2A865 /* Github_ProjectTests.swift */; };
		9AFFEEC52C540FB300B2A865 /* Github_ProjectUITests.swift in Sources */ = {isa = PBXBuildFile; fileRef = 9AFFEEC42C540FB300B2A865 /* Github_ProjectUITests.swift */; };
		9AFFEEC72C540FB300B2A865 /* Github_ProjectUITestsLaunchTests.swift in Sources */ = {isa = PBXBuildFile; fileRef = 9AFFEEC62C540FB300B2A865 /* Github_ProjectUITestsLaunchTests.swift */; };
/* End PBXBuildFile section */

/* Begin PBXContainerItemProxy section */
		9AFFEEB72C540FB300B2A865 /* PBXContainerItemProxy */ = {
			isa = PBXContainerItemProxy;
			containerPortal = 9AFFEE9E2C540FB100B2A865 /* Project object */;
			proxyType = 1;
			remoteGlobalIDString = 9AFFEEA52C540FB100B2A865;
			remoteInfo = "Github Project";
		};
		9AFFEEC12C540FB300B2A865 /* PBXContainerItemProxy */ = {
			isa = PBXContainerItemProxy;
			containerPortal = 9AFFEE9E2C540FB100B2A865 /* Project object */;
			proxyType = 1;
			remoteGlobalIDString = 9AFFEEA52C540FB100B2A865;
			remoteInfo = "Github Project";
		};
/* End PBXContainerItemProxy section */

/* Begin PBXFileReference section */
		9AFFEEA62C540FB100B2A865 /* Github Project.app */ = {isa = PBXFileReference; explicitFileType = wrapper.application; includeInIndex = 0; path = "Github Project.app"; sourceTree = BUILT_PRODUCTS_DIR; };
		9AFFEEA92C540FB100B2A865 /* Github_ProjectApp.swift */ = {isa = PBXFileReference; lastKnownFileType = sourcecode.swift; path = Github_ProjectApp.swift; sourceTree = "<group>"; };
		9AFFEEAB2C540FB100B2A865 /* ContentView.swift */ = {isa = PBXFileReference; lastKnownFileType = sourcecode.swift; path = ContentView.swift; sourceTree = "<group>"; };
		9AFFEEAD2C540FB300B2A865 /* Assets.xcassets */ = {isa = PBXFileReference; lastKnownFileType = folder.assetcatalog; path = Assets.xcassets; sourceTree = "<group>"; };
		9AFFEEB02C540FB300B2A865 /* Preview Assets.xcassets */ = {isa = PBXFileReference; lastKnownFileType = folder.assetcatalog; path = "Preview Assets.xcassets"; sourceTree = "<group>"; };
		9AFFEEB62C540FB300B2A865 /* Github ProjectTests.xctest */ = {isa = PBXFileReference; explicitFileType = wrapper.cfbundle; includeInIndex = 0; path = "Github ProjectTests.xctest"; sourceTree = BUILT_PRODUCTS_DIR; };
		9AFFEEBA2C540FB300B2A865 /* Github_ProjectTests.swift */ = {isa = PBXFileReference; lastKnownFileType = sourcecode.swift; path = Github_ProjectTests.swift; sourceTree = "<group>"; };
		9AFFEEC02C540FB300B2A865 /* Github ProjectUITests.xctest */ = {isa = PBXFileReference; explicitFileType = wrapper.cfbundle; includeInIndex = 0; path = "Github ProjectUITests.xctest"; sourceTree = BUILT_PRODUCTS_DIR; };
		9AFFEEC42C540FB300B2A865 /* Github_ProjectUITests.swift */ = {isa = PBXFileReference; lastKnownFileType = sourcecode.swift; path = Github_ProjectUITests.swift; sourceTree = "<group>"; };
		9AFFEEC62C540FB300B2A865 /* Github_ProjectUITestsLaunchTests.swift */ = {isa = PBXFileReference; lastKnownFileType = sourcecode.swift; path = Github_ProjectUITestsLaunchTests.swift; sourceTree = "<group>"; };
/* End PBXFileReference section */

/* Begin PBXFrameworksBuildPhase section */
		9AFFEEA32C540FB100B2A865 /* Frameworks */ = {
			isa = PBXFrameworksBuildPhase;
			buildActionMask = 2147483647;
			files = (
			);
			runOnlyForDeploymentPostprocessing = 0;
		};
		9AFFEEB32C540FB300B2A865 /* Frameworks */ = {
			isa = PBXFrameworksBuildPhase;
			buildActionMask = 2147483647;
			files = (
			);
			runOnlyForDeploymentPostprocessing = 0;
		};
		9AFFEEBD2C540FB300B2A865 /* Frameworks */ = {
			isa = PBXFrameworksBuildPhase;
			buildActionMask = 2147483647;
			files = (
			);
			runOnlyForDeploymentPostprocessing = 0;
		};
/* End PBXFrameworksBuildPhase section */

/* Begin PBXGroup section */
		9AFFEE9D2C540FB100B2A865 = {
			isa = PBXGroup;
			children = (
				9AFFEEA82C540FB100B2A865 /* Github Project */,
				9AFFEEB92C540FB300B2A865 /* Github ProjectTests */,
				9AFFEEC32C540FB300B2A865 /* Github ProjectUITests */,
				9AFFEEA72C540FB100B2A865 /* Products */,
			);
			sourceTree = "<group>";
		};
		9AFFEEA72C540FB100B2A865 /* Products */ = {
			isa = PBXGroup;
			children = (
				9AFFEEA62C540FB100B2A865 /* Github Project.app */,
				9AFFEEB62C540FB300B2A865 /* Github ProjectTests.xctest */,
				9AFFEEC02C540FB300B2A865 /* Github ProjectUITests.xctest */,
			);
			name = Products;
			sourceTree = "<group>";
		};
		9AFFEEA82C540FB100B2A865 /* Github Project */ = {
			isa = PBXGroup;
			children = (
				9AFFEEA92C540FB100B2A865 /* Github_ProjectApp.swift */,
				9AFFEEAB2C540FB100B2A865 /* ContentView.swift */,
				9AFFEEAD2C540FB300B2A865 /* Assets.xcassets */,
				9AFFEEAF2C540FB300B2A865 /* Preview Content */,
			);
			path = "Github Project";
			sourceTree = "<group>";
		};
		9AFFEEAF2C540FB300B2A865 /* Preview Content */ = {
			isa = PBXGroup;
			children = (
				9AFFEEB02C540FB300B2A865 /* Preview Assets.xcassets */,
			);
			path = "Preview Content";
			sourceTree = "<group>";
		};
		9AFFEEB92C540FB300B2A865 /* Github ProjectTests */ = {
			isa = PBXGroup;
			children = (
				9AFFEEBA2C540FB300B2A865 /* Github_ProjectTests.swift */,
			);
			path = "Github ProjectTests";
			sourceTree = "<group>";
		};
		9AFFEEC32C540FB300B2A865 /* Github ProjectUITests */ = {
			isa = PBXGroup;
			children = (
				9AFFEEC42C540FB300B2A865 /* Github_ProjectUITests.swift */,
				9AFFEEC62C540FB300B2A865 /* Github_ProjectUITestsLaunchTests.swift */,
			);
			path = "Github ProjectUITests";
			sourceTree = "<group>";
		};
/* End PBXGroup section */

/* Begin PBXNativeTarget section */
		9AFFEEA52C540FB100B2A865 /* Github Project */ = {
			isa = PBXNativeTarget;
			buildConfigurationList = 9AFFEECA2C540FB300B2A865 /* Build configuration list for PBXNativeTarget "Github Project" */;
			buildPhases = (
				9AFFEEA22C540FB100B2A865 /* Sources */,
				9AFFEEA32C540FB100B2A865 /* Frameworks */,
				9AFFEEA42C540FB100B2A865 /* Resources */,
			);
			buildRules = (
			);
			dependencies = (
			);
			name = "Github Project";
			productName = "Github Project";
			productReference = 9AFFEEA62C540FB100B2A865 /* Github Project.app */;
			productType = "com.apple.product-type.application";
		};
		9AFFEEB52C540FB300B2A865 /* Github ProjectTests */ = {
			isa = PBXNativeTarget;
			buildConfigurationList = 9AFFEECD2C540FB300B2A865 /* Build configuration list for PBXNativeTarget "Github ProjectTests" */;
			buildPhases = (
				9AFFEEB22C540FB300B2A865 /* Sources */,
				9AFFEEB32C540FB300B2A865 /* Frameworks */,
				9AFFEEB42C540FB300B2A865 /* Resources */,
			);
			buildRules = (
			);
			dependencies = (
				9AFFEEB82C540FB300B2A865 /* PBXTargetDependency */,
			);
			name = "Github ProjectTests";
			productName = "Github ProjectTests";
			productReference = 9AFFEEB62C540FB300B2A865 /* Github ProjectTests.xctest */;
			productType = "com.apple.product-type.bundle.unit-test";
		};
		9AFFEEBF2C540FB300B2A865 /* Github ProjectUITests */ = {
			isa = PBXNativeTarget;
			buildConfigurationList = 9AFFEED02C540FB300B2A865 /* Build configuration list for PBXNativeTarget "Github ProjectUITests" */;
			buildPhases = (
				9AFFEEBC2C540FB300B2A865 /* Sources */,
				9AFFEEBD2C540FB300B2A865 /* Frameworks */,
				9AFFEEBE2C540FB300B2A865 /* Resources */,
			);
			buildRules = (
			);
			dependencies = (
				9AFFEEC22C540FB300B2A865 /* PBXTargetDependency */,
			);
			name = "Github ProjectUITests";
			productName = "Github ProjectUITests";
			productReference = 9AFFEEC02C540FB300B2A865 /* Github ProjectUITests.xctest */;
			productType = "com.apple.product-type.bundle.ui-testing";
		};
/* End PBXNativeTarget section */

/* Begin PBXProject section */
		9AFFEE9E2C540FB100B2A865 /* Project object */ = {
			isa = PBXProject;
			attributes = {
				BuildIndependentTargetsInParallel = 1;
				LastSwiftUpdateCheck = 1430;
				LastUpgradeCheck = 1430;
				TargetAttributes = {
					9AFFEEA52C540FB100B2A865 = {
						CreatedOnToolsVersion = 14.3.1;
					};
					9AFFEEB52C540FB300B2A865 = {
						CreatedOnToolsVersion = 14.3.1;
						TestTargetID = 9AFFEEA52C540FB100B2A865;
					};
					9AFFEEBF2C540FB300B2A865 = {
						CreatedOnToolsVersion = 14.3.1;
						TestTargetID = 9AFFEEA52C540FB100B2A865;
					};
				};
			};
			buildConfigurationList = 9AFFEEA12C540FB100B2A865 /* Build configuration list for PBXProject "Github Project" */;
			compatibilityVersion = "Xcode 14.0";
			developmentRegion = en;
			hasScannedForEncodings = 0;
			knownRegions = (
				en,
				Base,
			);
			mainGroup = 9AFFEE9D2C540FB100B2A865;
			productRefGroup = 9AFFEEA72C540FB100B2A865 /* Products */;
			projectDirPath = "";
			projectRoot = "";
			targets = (
				9AFFEEA52C540FB100B2A865 /* Github Project */,
				9AFFEEB52C540FB300B2A865 /* Github ProjectTests */,
				9AFFEEBF2C540FB300B2A865 /* Github ProjectUITests */,
			);
		};
/* End PBXProject section */

/* Begin PBXResourcesBuildPhase section */
		9AFFEEA42C540FB100B2A865 /* Resources */ = {
			isa = PBXResourcesBuildPhase;
			buildActionMask = 2147483647;
			files = (
				9AFFEEB12C540FB300B2A865 /* Preview Assets.xcassets in Resources */,
				9AFFEEAE2C540FB300B2A865 /* Assets.xcassets in Resources */,
			);
			runOnlyForDeploymentPostprocessing = 0;
		};
		9AFFEEB42C540FB300B2A865 /* Resources */ = {
			isa = PBXResourcesBuildPhase;
			buildActionMask = 2147483647;
			files = (
			);
			runOnlyForDeploymentPostprocessing = 0;
		};
		9AFFEEBE2C540FB300B2A865 /* Resources */ = {
			isa = PBXResourcesBuildPhase;
			buildActionMask = 2147483647;
			files = (
			);
			runOnlyForDeploymentPostprocessing = 0;
		};
/* End PBXResourcesBuildPhase section */

/* Begin PBXSourcesBuildPhase section */
		9AFFEEA22C540FB100B2A865 /* Sources */ = {
			isa = PBXSourcesBuildPhase;
			buildActionMask = 2147483647;
			files = (
				9AFFEEAC2C540FB100B2A865 /* ContentView.swift in Sources */,
				9AFFEEAA2C540FB100B2A865 /* Github_ProjectApp.swift in Sources */,
			);
			runOnlyForDeploymentPostprocessing = 0;
		};
		9AFFEEB22C540FB300B2A865 /* Sources */ = {
			isa = PBXSourcesBuildPhase;
			buildActionMask = 2147483647;
			files = (
				9AFFEEBB2C540FB300B2A865 /* Github_ProjectTests.swift in Sources */,
			);
			runOnlyForDeploymentPostprocessing = 0;
		};
		9AFFEEBC2C540FB300B2A865 /* Sources */ = {
			isa = PBXSourcesBuildPhase;
			buildActionMask = 2147483647;
			files = (
				9AFFEEC52C540FB300B2A865 /* Github_ProjectUITests.swift in Sources */,
				9AFFEEC72C540FB300B2A865 /* Github_ProjectUITestsLaunchTests.swift in Sources */,
			);
			runOnlyForDeploymentPostprocessing = 0;
		};
/* End PBXSourcesBuildPhase section */

/* Begin PBXTargetDependency section */
		9AFFEEB82C540FB300B2A865 /* PBXTargetDependency */ = {
			isa = PBXTargetDependency;
			target = 9AFFEEA52C540FB100B2A865 /* Github Project */;
			targetProxy = 9AFFEEB72C540FB300B2A865 /* PBXContainerItemProxy */;
		};
		9AFFEEC22C540FB300B2A865 /* PBXTargetDependency */ = {
			isa = PBXTargetDependency;
			target = 9AFFEEA52C540FB100B2A865 /* Github Project */;
			targetProxy = 9AFFEEC12C540FB300B2A865 /* PBXContainerItemProxy */;
		};
/* End PBXTargetDependency section */

/* Begin XCBuildConfiguration section */
		9AFFEEC82C540FB300B2A865 /* Debug */ = {
			isa = XCBuildConfiguration;
			buildSettings = {
				ALWAYS_SEARCH_USER_PATHS = NO;
				CLANG_ANALYZER_NONNULL = YES;
				CLANG_ANALYZER_NUMBER_OBJECT_CONVERSION = YES_AGGRESSIVE;
				CLANG_CXX_LANGUAGE_STANDARD = "gnu++20";
				CLANG_ENABLE_MODULES = YES;
				CLANG_ENABLE_OBJC_ARC = YES;
				CLANG_ENABLE_OBJC_WEAK = YES;
				CLANG_WARN_BLOCK_CAPTURE_AUTORELEASING = YES;
				CLANG_WARN_BOOL_CONVERSION = YES;
				CLANG_WARN_COMMA = YES;
				CLANG_WARN_CONSTANT_CONVERSION = YES;
				CLANG_WARN_DEPRECATED_OBJC_IMPLEMENTATIONS = YES;
				CLANG_WARN_DIRECT_OBJC_ISA_USAGE = YES_ERROR;
				CLANG_WARN_DOCUMENTATION_COMMENTS = YES;
				CLANG_WARN_EMPTY_BODY = YES;
				CLANG_WARN_ENUM_CONVERSION = YES;
				CLANG_WARN_INFINITE_RECURSION = YES;
				CLANG_WARN_INT_CONVERSION = YES;
				CLANG_WARN_NON_LITERAL_NULL_CONVERSION = YES;
				CLANG_WARN_OBJC_IMPLICIT_RETAIN_SELF = YES;
				CLANG_WARN_OBJC_LITERAL_CONVERSION = YES;
				CLANG_WARN_OBJC_ROOT_CLASS = YES_ERROR;
				CLANG_WARN_QUOTED_INCLUDE_IN_FRAMEWORK_HEADER = YES;
				CLANG_WARN_RANGE_LOOP_ANALYSIS = YES;
				CLANG_WARN_STRICT_PROTOTYPES = YES;
				CLANG_WARN_SUSPICIOUS_MOVE = YES;
				CLANG_WARN_UNGUARDED_AVAILABILITY = YES_AGGRESSIVE;
				CLANG_WARN_UNREACHABLE_CODE = YES;
				CLANG_WARN__DUPLICATE_METHOD_MATCH = YES;
				COPY_PHASE_STRIP = NO;
				DEBUG_INFORMATION_FORMAT = dwarf;
				ENABLE_STRICT_OBJC_MSGSEND = YES;
				ENABLE_TESTABILITY = YES;
				GCC_C_LANGUAGE_STANDARD = gnu11;
				GCC_DYNAMIC_NO_PIC = NO;
				GCC_NO_COMMON_BLOCKS = YES;
				GCC_OPTIMIZATION_LEVEL = 0;
				GCC_PREPROCESSOR_DEFINITIONS = (
					"DEBUG=1",
					"$(inherited)",
				);
				GCC_WARN_64_TO_32_BIT_CONVERSION = YES;
				GCC_WARN_ABOUT_RETURN_TYPE = YES_ERROR;
				GCC_WARN_UNDECLARED_SELECTOR = YES;
				GCC_WARN_UNINITIALIZED_AUTOS = YES_AGGRESSIVE;
				GCC_WARN_UNUSED_FUNCTION = YES;
				GCC_WARN_UNUSED_VARIABLE = YES;
				IPHONEOS_DEPLOYMENT_TARGET = 16.4;
				MTL_ENABLE_DEBUG_INFO = INCLUDE_SOURCE;
				MTL_FAST_MATH = YES;
				ONLY_ACTIVE_ARCH = YES;
				SDKROOT = iphoneos;
				SWIFT_ACTIVE_COMPILATION_CONDITIONS = DEBUG;
				SWIFT_OPTIMIZATION_LEVEL = "-Onone";
			};
			name = Debug;
		};
		9AFFEEC92C540FB300B2A865 /* Release */ = {
			isa = XCBuildConfiguration;
			buildSettings = {
				ALWAYS_SEARCH_USER_PATHS = NO;
				CLANG_ANALYZER_NONNULL = YES;
				CLANG_ANALYZER_NUMBER_OBJECT_CONVERSION = YES_AGGRESSIVE;
				CLANG_CXX_LANGUAGE_STANDARD = "gnu++20";
				CLANG_ENABLE_MODULES = YES;
				CLANG_ENABLE_OBJC_ARC = YES;
				CLANG_ENABLE_OBJC_WEAK = YES;
				CLANG_WARN_BLOCK_CAPTURE_AUTORELEASING = YES;
				CLANG_WARN_BOOL_CONVERSION = YES;
				CLANG_WARN_COMMA = YES;
				CLANG_WARN_CONSTANT_CONVERSION = YES;
				CLANG_WARN_DEPRECATED_OBJC_IMPLEMENTATIONS = YES;
				CLANG_WARN_DIRECT_OBJC_ISA_USAGE = YES_ERROR;
				CLANG_WARN_DOCUMENTATION_COMMENTS = YES;
				CLANG_WARN_EMPTY_BODY = YES;
				CLANG_WARN_ENUM_CONVERSION = YES;
				CLANG_WARN_INFINITE_RECURSION = YES;
				CLANG_WARN_INT_CONVERSION = YES;
				CLANG_WARN_NON_LITERAL_NULL_CONVERSION = YES;
				CLANG_WARN_OBJC_IMPLICIT_RETAIN_SELF = YES;
				CLANG_WARN_OBJC_LITERAL_CONVERSION = YES;
				CLANG_WARN_OBJC_ROOT_CLASS = YES_ERROR;
				CLANG_WARN_QUOTED_INCLUDE_IN_FRAMEWORK_HEADER = YES;
				CLANG_WARN_RANGE_LOOP_ANALYSIS = YES;
				CLANG_WARN_STRICT_PROTOTYPES = YES;
				CLANG_WARN_SUSPICIOUS_MOVE = YES;
				CLANG_WARN_UNGUARDED_AVAILABILITY = YES_AGGRESSIVE;
				CLANG_WARN_UNREACHABLE_CODE = YES;
				CLANG_WARN__DUPLICATE_METHOD_MATCH = YES;
				COPY_PHASE_STRIP = NO;
				DEBUG_INFORMATION_FORMAT = "dwarf-with-dsym";
				ENABLE_NS_ASSERTIONS = NO;
				ENABLE_STRICT_OBJC_MSGSEND = YES;
				GCC_C_LANGUAGE_STANDARD = gnu11;
				GCC_NO_COMMON_BLOCKS = YES;
				GCC_WARN_64_TO_32_BIT_CONVERSION = YES;
				GCC_WARN_ABOUT_RETURN_TYPE = YES_ERROR;
				GCC_WARN_UNDECLARED_SELECTOR = YES;
				GCC_WARN_UNINITIALIZED_AUTOS = YES_AGGRESSIVE;
				GCC_WARN_UNUSED_FUNCTION = YES;
				GCC_WARN_UNUSED_VARIABLE = YES;
				IPHONEOS_DEPLOYMENT_TARGET = 16.4;
				MTL_ENABLE_DEBUG_INFO = NO;
				MTL_FAST_MATH = YES;
				SDKROOT = iphoneos;
				SWIFT_COMPILATION_MODE = wholemodule;
				SWIFT_OPTIMIZATION_LEVEL = "-O";
				VALIDATE_PRODUCT = YES;
			};
			name = Release;
		};
		9AFFEECB2C540FB300B2A865 /* Debug */ = {
			isa = XCBuildConfiguration;
			buildSettings = {
				ASSETCATALOG_COMPILER_APPICON_NAME = AppIcon;
				ASSETCATALOG_COMPILER_GLOBAL_ACCENT_COLOR_NAME = AccentColor;
				CODE_SIGN_STYLE = Automatic;
				CURRENT_PROJECT_VERSION = 1;
				DEVELOPMENT_ASSET_PATHS = "\"Github Project/Preview Content\"";
				DEVELOPMENT_TEAM = HFMGZLND6Q;
				ENABLE_PREVIEWS = YES;
				GENERATE_INFOPLIST_FILE = YES;
				INFOPLIST_KEY_UIApplicationSceneManifest_Generation = YES;
				INFOPLIST_KEY_UIApplicationSupportsIndirectInputEvents = YES;
				INFOPLIST_KEY_UILaunchScreen_Generation = YES;
				INFOPLIST_KEY_UISupportedInterfaceOrientations_iPad = "UIInterfaceOrientationPortrait UIInterfaceOrientationPortraitUpsideDown UIInterfaceOrientationLandscapeLeft UIInterfaceOrientationLandscapeRight";
				INFOPLIST_KEY_UISupportedInterfaceOrientations_iPhone = "UIInterfaceOrientationPortrait UIInterfaceOrientationLandscapeLeft UIInterfaceOrientationLandscapeRight";
				LD_RUNPATH_SEARCH_PATHS = (
					"$(inherited)",
					"@executable_path/Frameworks",
				);
				MARKETING_VERSION = 1.0;
				PRODUCT_BUNDLE_IDENTIFIER = "kwk.Github-Project";
				PRODUCT_NAME = "$(TARGET_NAME)";
				SWIFT_EMIT_LOC_STRINGS = YES;
				SWIFT_VERSION = 5.0;
				TARGETED_DEVICE_FAMILY = "1,2";
			};
			name = Debug;
		};
		9AFFEECC2C540FB300B2A865 /* Release */ = {
			isa = XCBuildConfiguration;
			buildSettings = {
				ASSETCATALOG_COMPILER_APPICON_NAME = AppIcon;
				ASSETCATALOG_COMPILER_GLOBAL_ACCENT_COLOR_NAME = AccentColor;
				CODE_SIGN_STYLE = Automatic;
				CURRENT_PROJECT_VERSION = 1;
				DEVELOPMENT_ASSET_PATHS = "\"Github Project/Preview Content\"";
				DEVELOPMENT_TEAM = HFMGZLND6Q;
				ENABLE_PREVIEWS = YES;
				GENERATE_INFOPLIST_FILE = YES;
				INFOPLIST_KEY_UIApplicationSceneManifest_Generation = YES;
				INFOPLIST_KEY_UIApplicationSupportsIndirectInputEvents = YES;
				INFOPLIST_KEY_UILaunchScreen_Generation = YES;
				INFOPLIST_KEY_UISupportedInterfaceOrientations_iPad = "UIInterfaceOrientationPortrait UIInterfaceOrientationPortraitUpsideDown UIInterfaceOrientationLandscapeLeft UIInterfaceOrientationLandscapeRight";
				INFOPLIST_KEY_UISupportedInterfaceOrientations_iPhone = "UIInterfaceOrientationPortrait UIInterfaceOrientationLandscapeLeft UIInterfaceOrientationLandscapeRight";
				LD_RUNPATH_SEARCH_PATHS = (
					"$(inherited)",
					"@executable_path/Frameworks",
				);
				MARKETING_VERSION = 1.0;
				PRODUCT_BUNDLE_IDENTIFIER = "kwk.Github-Project";
				PRODUCT_NAME = "$(TARGET_NAME)";
				SWIFT_EMIT_LOC_STRINGS = YES;
				SWIFT_VERSION = 5.0;
				TARGETED_DEVICE_FAMILY = "1,2";
			};
			name = Release;
		};
		9AFFEECE2C540FB300B2A865 /* Debug */ = {
			isa = XCBuildConfiguration;
			buildSettings = {
				ALWAYS_EMBED_SWIFT_STANDARD_LIBRARIES = YES;
				BUNDLE_LOADER = "$(TEST_HOST)";
				CODE_SIGN_STYLE = Automatic;
				CURRENT_PROJECT_VERSION = 1;
				DEVELOPMENT_TEAM = HFMGZLND6Q;
				GENERATE_INFOPLIST_FILE = YES;
				IPHONEOS_DEPLOYMENT_TARGET = 16.4;
				MARKETING_VERSION = 1.0;
				PRODUCT_BUNDLE_IDENTIFIER = "kwk.Github-ProjectTests";
				PRODUCT_NAME = "$(TARGET_NAME)";
				SWIFT_EMIT_LOC_STRINGS = NO;
				SWIFT_VERSION = 5.0;
				TARGETED_DEVICE_FAMILY = "1,2";
				TEST_HOST = "$(BUILT_PRODUCTS_DIR)/Github Project.app/$(BUNDLE_EXECUTABLE_FOLDER_PATH)/Github Project";
			};
			name = Debug;
		};
		9AFFEECF2C540FB300B2A865 /* Release */ = {
			isa = XCBuildConfiguration;
			buildSettings = {
				ALWAYS_EMBED_SWIFT_STANDARD_LIBRARIES = YES;
				BUNDLE_LOADER = "$(TEST_HOST)";
				CODE_SIGN_STYLE = Automatic;
				CURRENT_PROJECT_VERSION = 1;
				DEVELOPMENT_TEAM = HFMGZLND6Q;
				GENERATE_INFOPLIST_FILE = YES;
				IPHONEOS_DEPLOYMENT_TARGET = 16.4;
				MARKETING_VERSION = 1.0;
				PRODUCT_BUNDLE_IDENTIFIER = "kwk.Github-ProjectTests";
				PRODUCT_NAME = "$(TARGET_NAME)";
				SWIFT_EMIT_LOC_STRINGS = NO;
				SWIFT_VERSION = 5.0;
				TARGETED_DEVICE_FAMILY = "1,2";
				TEST_HOST = "$(BUILT_PRODUCTS_DIR)/Github Project.app/$(BUNDLE_EXECUTABLE_FOLDER_PATH)/Github Project";
			};
			name = Release;
		};
		9AFFEED12C540FB300B2A865 /* Debug */ = {
			isa = XCBuildConfiguration;
			buildSettings = {
				ALWAYS_EMBED_SWIFT_STANDARD_LIBRARIES = YES;
				CODE_SIGN_STYLE = Automatic;
				CURRENT_PROJECT_VERSION = 1;
				DEVELOPMENT_TEAM = HFMGZLND6Q;
				GENERATE_INFOPLIST_FILE = YES;
				MARKETING_VERSION = 1.0;
				PRODUCT_BUNDLE_IDENTIFIER = "kwk.Github-ProjectUITests";
				PRODUCT_NAME = "$(TARGET_NAME)";
				SWIFT_EMIT_LOC_STRINGS = NO;
				SWIFT_VERSION = 5.0;
				TARGETED_DEVICE_FAMILY = "1,2";
				TEST_TARGET_NAME = "Github Project";
			};
			name = Debug;
		};
		9AFFEED22C540FB300B2A865 /* Release */ = {
			isa = XCBuildConfiguration;
			buildSettings = {
				ALWAYS_EMBED_SWIFT_STANDARD_LIBRARIES = YES;
				CODE_SIGN_STYLE = Automatic;
				CURRENT_PROJECT_VERSION = 1;
				DEVELOPMENT_TEAM = HFMGZLND6Q;
				GENERATE_INFOPLIST_FILE = YES;
				MARKETING_VERSION = 1.0;
				PRODUCT_BUNDLE_IDENTIFIER = "kwk.Github-ProjectUITests";
				PRODUCT_NAME = "$(TARGET_NAME)";
				SWIFT_EMIT_LOC_STRINGS = NO;
				SWIFT_VERSION = 5.0;
				TARGETED_DEVICE_FAMILY = "1,2";
				TEST_TARGET_NAME = "Github Project";
			};
			name = Release;
		};
/* End XCBuildConfiguration section */

/* Begin XCConfigurationList section */
		9AFFEEA12C540FB100B2A865 /* Build configuration list for PBXProject "Github Project" */ = {
			isa = XCConfigurationList;
			buildConfigurations = (
				9AFFEEC82C540FB300B2A865 /* Debug */,
				9AFFEEC92C540FB300B2A865 /* Release */,
			);
			defaultConfigurationIsVisible = 0;
			defaultConfigurationName = Release;
		};
		9AFFEECA2C540FB300B2A865 /* Build configuration list for PBXNativeTarget "Github Project" */ = {
			isa = XCConfigurationList;
			buildConfigurations = (
				9AFFEECB2C540FB300B2A865 /* Debug */,
				9AFFEECC2C540FB300B2A865 /* Release */,
			);
			defaultConfigurationIsVisible = 0;
			defaultConfigurationName = Release;
		};
		9AFFEECD2C540FB300B2A865 /* Build configuration list for PBXNativeTarget "Github ProjectTests" */ = {
			isa = XCConfigurationList;
			buildConfigurations = (
				9AFFEECE2C540FB300B2A865 /* Debug */,
				9AFFEECF2C540FB300B2A865 /* Release */,
			);
			defaultConfigurationIsVisible = 0;
			defaultConfigurationName = Release;
		};
		9AFFEED02C540FB300B2A865 /* Build configuration list for PBXNativeTarget "Github ProjectUITests" */ = {
			isa = XCConfigurationList;
			buildConfigurations = (
				9AFFEED12C540FB300B2A865 /* Debug */,
				9AFFEED22C540FB300B2A865 /* Release */,
			);
			defaultConfigurationIsVisible = 0;
			defaultConfigurationName = Release;
		};
/* End XCConfigurationList section */
	};
	rootObject = 9AFFEE9E2C540FB100B2A865 /* Project object */;
}
